// !$*UTF8*$!
{
	archiveVersion = 1;
	classes = {
	};
	objectVersion = 55;
	objects = {

/* Begin PBXBuildFile section */
		212EE7404F57A77B58B75E58 /* Pods_MenuCanvas.framework in Frameworks */ = {isa = PBXBuildFile; fileRef = 46ABB591E94B4BB835E1C41E /* Pods_MenuCanvas.framework */; };
		962252F3279FCA7D0079A552 /* AppDelegate.swift in Sources */ = {isa = PBXBuildFile; fileRef = 962252F2279FCA7D0079A552 /* AppDelegate.swift */; };
		962252F5279FCA7D0079A552 /* SceneDelegate.swift in Sources */ = {isa = PBXBuildFile; fileRef = 962252F4279FCA7D0079A552 /* SceneDelegate.swift */; };
		962252F7279FCA7D0079A552 /* ViewController.swift in Sources */ = {isa = PBXBuildFile; fileRef = 962252F6279FCA7D0079A552 /* ViewController.swift */; };
		962252FA279FCA7D0079A552 /* Main.storyboard in Resources */ = {isa = PBXBuildFile; fileRef = 962252F8279FCA7D0079A552 /* Main.storyboard */; };
		962252FC279FCA800079A552 /* Assets.xcassets in Resources */ = {isa = PBXBuildFile; fileRef = 962252FB279FCA800079A552 /* Assets.xcassets */; };
		962252FF279FCA800079A552 /* LaunchScreen.storyboard in Resources */ = {isa = PBXBuildFile; fileRef = 962252FD279FCA800079A552 /* LaunchScreen.storyboard */; };
/* End PBXBuildFile section */

/* Begin PBXFileReference section */
		3FB1CD6AAA7D669090A892A7 /* Pods-MenuCanvas.release.xcconfig */ = {isa = PBXFileReference; includeInIndex = 1; lastKnownFileType = text.xcconfig; name = "Pods-MenuCanvas.release.xcconfig"; path = "Target Support Files/Pods-MenuCanvas/Pods-MenuCanvas.release.xcconfig"; sourceTree = "<group>"; };
		46ABB591E94B4BB835E1C41E /* Pods_MenuCanvas.framework */ = {isa = PBXFileReference; explicitFileType = wrapper.framework; includeInIndex = 0; path = Pods_MenuCanvas.framework; sourceTree = BUILT_PRODUCTS_DIR; };
		78721E64041C37CC888FF652 /* Pods-MenuCanvas.debug.xcconfig */ = {isa = PBXFileReference; includeInIndex = 1; lastKnownFileType = text.xcconfig; name = "Pods-MenuCanvas.debug.xcconfig"; path = "Target Support Files/Pods-MenuCanvas/Pods-MenuCanvas.debug.xcconfig"; sourceTree = "<group>"; };
		962252EF279FCA7D0079A552 /* MenuCanvas.app */ = {isa = PBXFileReference; explicitFileType = wrapper.application; includeInIndex = 0; path = MenuCanvas.app; sourceTree = BUILT_PRODUCTS_DIR; };
		962252F2279FCA7D0079A552 /* AppDelegate.swift */ = {isa = PBXFileReference; lastKnownFileType = sourcecode.swift; path = AppDelegate.swift; sourceTree = "<group>"; };
		962252F4279FCA7D0079A552 /* SceneDelegate.swift */ = {isa = PBXFileReference; lastKnownFileType = sourcecode.swift; path = SceneDelegate.swift; sourceTree = "<group>"; };
		962252F6279FCA7D0079A552 /* ViewController.swift */ = {isa = PBXFileReference; lastKnownFileType = sourcecode.swift; path = ViewController.swift; sourceTree = "<group>"; };
		962252F9279FCA7D0079A552 /* Base */ = {isa = PBXFileReference; lastKnownFileType = file.storyboard; name = Base; path = Base.lproj/Main.storyboard; sourceTree = "<group>"; };
		962252FB279FCA800079A552 /* Assets.xcassets */ = {isa = PBXFileReference; lastKnownFileType = folder.assetcatalog; path = Assets.xcassets; sourceTree = "<group>"; };
		962252FE279FCA800079A552 /* Base */ = {isa = PBXFileReference; lastKnownFileType = file.storyboard; name = Base; path = Base.lproj/LaunchScreen.storyboard; sourceTree = "<group>"; };
		96225300279FCA800079A552 /* Info.plist */ = {isa = PBXFileReference; lastKnownFileType = text.plist.xml; path = Info.plist; sourceTree = "<group>"; };
/* End PBXFileReference section */

/* Begin PBXFrameworksBuildPhase section */
		962252EC279FCA7D0079A552 /* Frameworks */ = {
			isa = PBXFrameworksBuildPhase;
			buildActionMask = 2147483647;
			files = (
				212EE7404F57A77B58B75E58 /* Pods_MenuCanvas.framework in Frameworks */,
			);
			runOnlyForDeploymentPostprocessing = 0;
		};
/* End PBXFrameworksBuildPhase section */

/* Begin PBXGroup section */
		693A404FAF656969224FAE99 /* Pods */ = {
			isa = PBXGroup;
			children = (
				78721E64041C37CC888FF652 /* Pods-MenuCanvas.debug.xcconfig */,
				3FB1CD6AAA7D669090A892A7 /* Pods-MenuCanvas.release.xcconfig */,
			);
			name = Pods;
			path = Pods;
			sourceTree = "<group>";
		};
		962252E6279FCA7D0079A552 = {
			isa = PBXGroup;
			children = (
				962252F1279FCA7D0079A552 /* MenuCanvas */,
				962252F0279FCA7D0079A552 /* Products */,
				693A404FAF656969224FAE99 /* Pods */,
				E609475F9950B0B9F771BFC4 /* Frameworks */,
			);
			sourceTree = "<group>";
		};
		962252F0279FCA7D0079A552 /* Products */ = {
			isa = PBXGroup;
			children = (
				962252EF279FCA7D0079A552 /* MenuCanvas.app */,
			);
			name = Products;
			sourceTree = "<group>";
		};
		962252F1279FCA7D0079A552 /* MenuCanvas */ = {
			isa = PBXGroup;
			children = (
				962252F2279FCA7D0079A552 /* AppDelegate.swift */,
				962252F4279FCA7D0079A552 /* SceneDelegate.swift */,
				962252F6279FCA7D0079A552 /* ViewController.swift */,
				962252F8279FCA7D0079A552 /* Main.storyboard */,
				962252FB279FCA800079A552 /* Assets.xcassets */,
				962252FD279FCA800079A552 /* LaunchScreen.storyboard */,
				96225300279FCA800079A552 /* Info.plist */,
			);
			path = MenuCanvas;
			sourceTree = "<group>";
		};
		E609475F9950B0B9F771BFC4 /* Frameworks */ = {
			isa = PBXGroup;
			children = (
				46ABB591E94B4BB835E1C41E /* Pods_MenuCanvas.framework */,
			);
			name = Frameworks;
			sourceTree = "<group>";
		};
/* End PBXGroup section */

/* Begin PBXNativeTarget section */
		962252EE279FCA7D0079A552 /* MenuCanvas */ = {
			isa = PBXNativeTarget;
			buildConfigurationList = 96225303279FCA800079A552 /* Build configuration list for PBXNativeTarget "MenuCanvas" */;
			buildPhases = (
				4FF088C0E489CF94F0E180D0 /* [CP] Check Pods Manifest.lock */,
				962252EB279FCA7D0079A552 /* Sources */,
				962252EC279FCA7D0079A552 /* Frameworks */,
				962252ED279FCA7D0079A552 /* Resources */,
				175849A1F18883D1391245BC /* [CP] Embed Pods Frameworks */,
			);
			buildRules = (
			);
			dependencies = (
			);
			name = MenuCanvas;
			productName = MenuCanvas;
			productReference = 962252EF279FCA7D0079A552 /* MenuCanvas.app */;
			productType = "com.apple.product-type.application";
		};
/* End PBXNativeTarget section */

/* Begin PBXProject section */
		962252E7279FCA7D0079A552 /* Project object */ = {
			isa = PBXProject;
			attributes = {
				BuildIndependentTargetsInParallel = 1;
				LastSwiftUpdateCheck = 1300;
				LastUpgradeCheck = 1300;
				TargetAttributes = {
					962252EE279FCA7D0079A552 = {
						CreatedOnToolsVersion = 13.0;
					};
				};
			};
			buildConfigurationList = 962252EA279FCA7D0079A552 /* Build configuration list for PBXProject "MenuCanvas" */;
			compatibilityVersion = "Xcode 13.0";
			developmentRegion = en;
			hasScannedForEncodings = 0;
			knownRegions = (
				en,
				Base,
			);
			mainGroup = 962252E6279FCA7D0079A552;
			productRefGroup = 962252F0279FCA7D0079A552 /* Products */;
			projectDirPath = "";
			projectRoot = "";
			targets = (
				962252EE279FCA7D0079A552 /* MenuCanvas */,
			);
		};
/* End PBXProject section */

/* Begin PBXResourcesBuildPhase section */
		962252ED279FCA7D0079A552 /* Resources */ = {
			isa = PBXResourcesBuildPhase;
			buildActionMask = 2147483647;
			files = (
				962252FF279FCA800079A552 /* LaunchScreen.storyboard in Resources */,
				962252FC279FCA800079A552 /* Assets.xcassets in Resources */,
				962252FA279FCA7D0079A552 /* Main.storyboard in Resources */,
			);
			runOnlyForDeploymentPostprocessing = 0;
		};
/* End PBXResourcesBuildPhase section */

/* Begin PBXShellScriptBuildPhase section */
		175849A1F18883D1391245BC /* [CP] Embed Pods Frameworks */ = {
			isa = PBXShellScriptBuildPhase;
			buildActionMask = 2147483647;
			files = (
			);
			inputFileListPaths = (
				"${PODS_ROOT}/Target Support Files/Pods-MenuCanvas/Pods-MenuCanvas-frameworks-${CONFIGURATION}-input-files.xcfilelist",
			);
			name = "[CP] Embed Pods Frameworks";
			outputFileListPaths = (
				"${PODS_ROOT}/Target Support Files/Pods-MenuCanvas/Pods-MenuCanvas-frameworks-${CONFIGURATION}-output-files.xcfilelist",
			);
			runOnlyForDeploymentPostprocessing = 0;
			shellPath = /bin/sh;
			shellScript = "\"${PODS_ROOT}/Target Support Files/Pods-MenuCanvas/Pods-MenuCanvas-frameworks.sh\"\n";
			showEnvVarsInLog = 0;
		};
		4FF088C0E489CF94F0E180D0 /* [CP] Check Pods Manifest.lock */ = {
			isa = PBXShellScriptBuildPhase;
			buildActionMask = 2147483647;
			files = (
			);
			inputFileListPaths = (
			);
			inputPaths = (
				"${PODS_PODFILE_DIR_PATH}/Podfile.lock",
				"${PODS_ROOT}/Manifest.lock",
			);
			name = "[CP] Check Pods Manifest.lock";
			outputFileListPaths = (
			);
			outputPaths = (
				"$(DERIVED_FILE_DIR)/Pods-MenuCanvas-checkManifestLockResult.txt",
			);
			runOnlyForDeploymentPostprocessing = 0;
			shellPath = /bin/sh;
			shellScript = "diff \"${PODS_PODFILE_DIR_PATH}/Podfile.lock\" \"${PODS_ROOT}/Manifest.lock\" > /dev/null\nif [ $? != 0 ] ; then\n    # print error to STDERR\n    echo \"error: The sandbox is not in sync with the Podfile.lock. Run 'pod install' or update your CocoaPods installation.\" >&2\n    exit 1\nfi\n# This output is used by Xcode 'outputs' to avoid re-running this script phase.\necho \"SUCCESS\" > \"${SCRIPT_OUTPUT_FILE_0}\"\n";
			showEnvVarsInLog = 0;
		};
/* End PBXShellScriptBuildPhase section */

/* Begin PBXSourcesBuildPhase section */
		962252EB279FCA7D0079A552 /* Sources */ = {
			isa = PBXSourcesBuildPhase;
			buildActionMask = 2147483647;
			files = (
				962252F7279FCA7D0079A552 /* ViewController.swift in Sources */,
				962252F3279FCA7D0079A552 /* AppDelegate.swift in Sources */,
				962252F5279FCA7D0079A552 /* SceneDelegate.swift in Sources */,
			);
			runOnlyForDeploymentPostprocessing = 0;
		};
/* End PBXSourcesBuildPhase section */

/* Begin PBXVariantGroup section */
		962252F8279FCA7D0079A552 /* Main.storyboard */ = {
			isa = PBXVariantGroup;
			children = (
				962252F9279FCA7D0079A552 /* Base */,
			);
			name = Main.storyboard;
			sourceTree = "<group>";
		};
		962252FD279FCA800079A552 /* LaunchScreen.storyboard */ = {
			isa = PBXVariantGroup;
			children = (
				962252FE279FCA800079A552 /* Base */,
			);
			name = LaunchScreen.storyboard;
			sourceTree = "<group>";
		};
/* End PBXVariantGroup section */

/* Begin XCBuildConfiguration section */
		96225301279FCA800079A552 /* Debug */ = {
			isa = XCBuildConfiguration;
			buildSettings = {
				ALWAYS_SEARCH_USER_PATHS = NO;
				CLANG_ANALYZER_NONNULL = YES;
				CLANG_ANALYZER_NUMBER_OBJECT_CONVERSION = YES_AGGRESSIVE;
				CLANG_CXX_LANGUAGE_STANDARD = "gnu++17";
				CLANG_CXX_LIBRARY = "libc++";
				CLANG_ENABLE_MODULES = YES;
				CLANG_ENABLE_OBJC_ARC = YES;
				CLANG_ENABLE_OBJC_WEAK = YES;
				CLANG_WARN_BLOCK_CAPTURE_AUTORELEASING = YES;
				CLANG_WARN_BOOL_CONVERSION = YES;
				CLANG_WARN_COMMA = YES;
				CLANG_WARN_CONSTANT_CONVERSION = YES;
				CLANG_WARN_DEPRECATED_OBJC_IMPLEMENTATIONS = YES;
				CLANG_WARN_DIRECT_OBJC_ISA_USAGE = YES_ERROR;
				CLANG_WARN_DOCUMENTATION_COMMENTS = YES;
				CLANG_WARN_EMPTY_BODY = YES;
				CLANG_WARN_ENUM_CONVERSION = YES;
				CLANG_WARN_INFINITE_RECURSION = YES;
				CLANG_WARN_INT_CONVERSION = YES;
				CLANG_WARN_NON_LITERAL_NULL_CONVERSION = YES;
				CLANG_WARN_OBJC_IMPLICIT_RETAIN_SELF = YES;
				CLANG_WARN_OBJC_LITERAL_CONVERSION = YES;
				CLANG_WARN_OBJC_ROOT_CLASS = YES_ERROR;
				CLANG_WARN_QUOTED_INCLUDE_IN_FRAMEWORK_HEADER = YES;
				CLANG_WARN_RANGE_LOOP_ANALYSIS = YES;
				CLANG_WARN_STRICT_PROTOTYPES = YES;
				CLANG_WARN_SUSPICIOUS_MOVE = YES;
				CLANG_WARN_UNGUARDED_AVAILABILITY = YES_AGGRESSIVE;
				CLANG_WARN_UNREACHABLE_CODE = YES;
				CLANG_WARN__DUPLICATE_METHOD_MATCH = YES;
				COPY_PHASE_STRIP = NO;
				DEBUG_INFORMATION_FORMAT = dwarf;
				ENABLE_STRICT_OBJC_MSGSEND = YES;
				ENABLE_TESTABILITY = YES;
				GCC_C_LANGUAGE_STANDARD = gnu11;
				GCC_DYNAMIC_NO_PIC = NO;
				GCC_NO_COMMON_BLOCKS = YES;
				GCC_OPTIMIZATION_LEVEL = 0;
				GCC_PREPROCESSOR_DEFINITIONS = (
					"DEBUG=1",
					"$(inherited)",
				);
				GCC_WARN_64_TO_32_BIT_CONVERSION = YES;
				GCC_WARN_ABOUT_RETURN_TYPE = YES_ERROR;
				GCC_WARN_UNDECLARED_SELECTOR = YES;
				GCC_WARN_UNINITIALIZED_AUTOS = YES_AGGRESSIVE;
				GCC_WARN_UNUSED_FUNCTION = YES;
				GCC_WARN_UNUSED_VARIABLE = YES;
				IPHONEOS_DEPLOYMENT_TARGET = 15.0;
				MTL_ENABLE_DEBUG_INFO = INCLUDE_SOURCE;
				MTL_FAST_MATH = YES;
				ONLY_ACTIVE_ARCH = YES;
				SDKROOT = iphoneos;
				SWIFT_ACTIVE_COMPILATION_CONDITIONS = DEBUG;
				SWIFT_OPTIMIZATION_LEVEL = "-Onone";
			};
			name = Debug;
		};
		96225302279FCA800079A552 /* Release */ = {
			isa = XCBuildConfiguration;
			buildSettings = {
				ALWAYS_SEARCH_USER_PATHS = NO;
				CLANG_ANALYZER_NONNULL = YES;
				CLANG_ANALYZER_NUMBER_OBJECT_CONVERSION = YES_AGGRESSIVE;
				CLANG_CXX_LANGUAGE_STANDARD = "gnu++17";
				CLANG_CXX_LIBRARY = "libc++";
				CLANG_ENABLE_MODULES = YES;
				CLANG_ENABLE_OBJC_ARC = YES;
				CLANG_ENABLE_OBJC_WEAK = YES;
				CLANG_WARN_BLOCK_CAPTURE_AUTORELEASING = YES;
				CLANG_WARN_BOOL_CONVERSION = YES;
				CLANG_WARN_COMMA = YES;
				CLANG_WARN_CONSTANT_CONVERSION = YES;
				CLANG_WARN_DEPRECATED_OBJC_IMPLEMENTATIONS = YES;
				CLANG_WARN_DIRECT_OBJC_ISA_USAGE = YES_ERROR;
				CLANG_WARN_DOCUMENTATION_COMMENTS = YES;
				CLANG_WARN_EMPTY_BODY = YES;
				CLANG_WARN_ENUM_CONVERSION = YES;
				CLANG_WARN_INFINITE_RECURSION = YES;
				CLANG_WARN_INT_CONVERSION = YES;
				CLANG_WARN_NON_LITERAL_NULL_CONVERSION = YES;
				CLANG_WARN_OBJC_IMPLICIT_RETAIN_SELF = YES;
				CLANG_WARN_OBJC_LITERAL_CONVERSION = YES;
				CLANG_WARN_OBJC_ROOT_CLASS = YES_ERROR;
				CLANG_WARN_QUOTED_INCLUDE_IN_FRAMEWORK_HEADER = YES;
				CLANG_WARN_RANGE_LOOP_ANALYSIS = YES;
				CLANG_WARN_STRICT_PROTOTYPES = YES;
				CLANG_WARN_SUSPICIOUS_MOVE = YES;
				CLANG_WARN_UNGUARDED_AVAILABILITY = YES_AGGRESSIVE;
				CLANG_WARN_UNREACHABLE_CODE = YES;
				CLANG_WARN__DUPLICATE_METHOD_MATCH = YES;
				COPY_PHASE_STRIP = NO;
				DEBUG_INFORMATION_FORMAT = "dwarf-with-dsym";
				ENABLE_NS_ASSERTIONS = NO;
				ENABLE_STRICT_OBJC_MSGSEND = YES;
				GCC_C_LANGUAGE_STANDARD = gnu11;
				GCC_NO_COMMON_BLOCKS = YES;
				GCC_WARN_64_TO_32_BIT_CONVERSION = YES;
				GCC_WARN_ABOUT_RETURN_TYPE = YES_ERROR;
				GCC_WARN_UNDECLARED_SELECTOR = YES;
				GCC_WARN_UNINITIALIZED_AUTOS = YES_AGGRESSIVE;
				GCC_WARN_UNUSED_FUNCTION = YES;
				GCC_WARN_UNUSED_VARIABLE = YES;
				IPHONEOS_DEPLOYMENT_TARGET = 15.0;
				MTL_ENABLE_DEBUG_INFO = NO;
				MTL_FAST_MATH = YES;
				SDKROOT = iphoneos;
				SWIFT_COMPILATION_MODE = wholemodule;
				SWIFT_OPTIMIZATION_LEVEL = "-O";
				VALIDATE_PRODUCT = YES;
			};
			name = Release;
		};
		96225304279FCA800079A552 /* Debug */ = {
			isa = XCBuildConfiguration;
			baseConfigurationReference = 78721E64041C37CC888FF652 /* Pods-MenuCanvas.debug.xcconfig */;
			buildSettings = {
				ASSETCATALOG_COMPILER_APPICON_NAME = AppIcon;
				ASSETCATALOG_COMPILER_GLOBAL_ACCENT_COLOR_NAME = AccentColor;
				CODE_SIGN_STYLE = Automatic;
				CURRENT_PROJECT_VERSION = 1;
				DEVELOPMENT_TEAM = 8K4KVU9S56;
				GENERATE_INFOPLIST_FILE = YES;
				INFOPLIST_FILE = MenuCanvas/Info.plist;
				INFOPLIST_KEY_UIApplicationSupportsIndirectInputEvents = YES;
				INFOPLIST_KEY_UILaunchStoryboardName = LaunchScreen;
				INFOPLIST_KEY_UIMainStoryboardFile = Main;
				INFOPLIST_KEY_UISupportedInterfaceOrientations_iPad = "UIInterfaceOrientationPortrait UIInterfaceOrientationPortraitUpsideDown UIInterfaceOrientationLandscapeLeft UIInterfaceOrientationLandscapeRight";
				INFOPLIST_KEY_UISupportedInterfaceOrientations_iPhone = "UIInterfaceOrientationPortrait UIInterfaceOrientationLandscapeLeft UIInterfaceOrientationLandscapeRight";
				LD_RUNPATH_SEARCH_PATHS = (
					"$(inherited)",
					"@executable_path/Frameworks",
				);
				MARKETING_VERSION = 1.0;
				PRODUCT_BUNDLE_IDENTIFIER = kpu.ce.MenuCanvas;
				PRODUCT_NAME = "$(TARGET_NAME)";
				SWIFT_EMIT_LOC_STRINGS = YES;
				SWIFT_VERSION = 5.0;
				TARGETED_DEVICE_FAMILY = "1,2";
			};
			name = Debug;
		};
		96225305279FCA800079A552 /* Release */ = {
			isa = XCBuildConfiguration;
			baseConfigurationReference = 3FB1CD6AAA7D669090A892A7 /* Pods-MenuCanvas.release.xcconfig */;
			buildSettings = {
				ASSETCATALOG_COMPILER_APPICON_NAME = AppIcon;
				ASSETCATALOG_COMPILER_GLOBAL_ACCENT_COLOR_NAME = AccentColor;
				CODE_SIGN_STYLE = Automatic;
				CURRENT_PROJECT_VERSION = 1;
				DEVELOPMENT_TEAM = 8K4KVU9S56;
				GENERATE_INFOPLIST_FILE = YES;
				INFOPLIST_FILE = MenuCanvas/Info.plist;
				INFOPLIST_KEY_UIApplicationSupportsIndirectInputEvents = YES;
				INFOPLIST_KEY_UILaunchStoryboardName = LaunchScreen;
				INFOPLIST_KEY_UIMainStoryboardFile = Main;
				INFOPLIST_KEY_UISupportedInterfaceOrientations_iPad = "UIInterfaceOrientationPortrait UIInterfaceOrientationPortraitUpsideDown UIInterfaceOrientationLandscapeLeft UIInterfaceOrientationLandscapeRight";
				INFOPLIST_KEY_UISupportedInterfaceOrientations_iPhone = "UIInterfaceOrientationPortrait UIInterfaceOrientationLandscapeLeft UIInterfaceOrientationLandscapeRight";
				LD_RUNPATH_SEARCH_PATHS = (
					"$(inherited)",
					"@executable_path/Frameworks",
				);
				MARKETING_VERSION = 1.0;
				PRODUCT_BUNDLE_IDENTIFIER = kpu.ce.MenuCanvas;
				PRODUCT_NAME = "$(TARGET_NAME)";
				SWIFT_EMIT_LOC_STRINGS = YES;
				SWIFT_VERSION = 5.0;
				TARGETED_DEVICE_FAMILY = "1,2";
			};
			name = Release;
		};
/* End XCBuildConfiguration section */

/* Begin XCConfigurationList section */
		962252EA279FCA7D0079A552 /* Build configuration list for PBXProject "MenuCanvas" */ = {
			isa = XCConfigurationList;
			buildConfigurations = (
				96225301279FCA800079A552 /* Debug */,
				96225302279FCA800079A552 /* Release */,
			);
			defaultConfigurationIsVisible = 0;
			defaultConfigurationName = Release;
		};
		96225303279FCA800079A552 /* Build configuration list for PBXNativeTarget "MenuCanvas" */ = {
			isa = XCConfigurationList;
			buildConfigurations = (
				96225304279FCA800079A552 /* Debug */,
				96225305279FCA800079A552 /* Release */,
			);
			defaultConfigurationIsVisible = 0;
			defaultConfigurationName = Release;
		};
/* End XCConfigurationList section */
	};
	rootObject = 962252E7279FCA7D0079A552 /* Project object */;
}
